
Microsoft Visual Studio Solution File, Format Version 12.00
# Visual Studio Version 16
VisualStudioVersion = 16.0.29509.3
MinimumVisualStudioVersion = 10.0.40219.1
Project("{FAE04EC0-301F-11D3-BF4B-00C04F79EFBC}") = "BinarySearchTree", "BinarySearchTree\BinarySearchTree.csproj", "{4975B1E1-1114-41C9-879B-A44DF790E830}"
EndProject
Global
	GlobalSection(SolutionConfigurationPlatforms) = preSolution
		Debug|Any CPU = Debug|Any CPU
		Release|Any CPU = Release|Any CPU
	EndGlobalSection
	GlobalSection(ProjectConfigurationPlatforms) = postSolution
		{4975B1E1-1114-41C9-879B-A44DF790E830}.Debug|Any CPU.ActiveCfg = Debug|Any CPU
		{4975B1E1-1114-41C9-879B-A44DF790E830}.Debug|Any CPU.Build.0 = Debug|Any CPU
		{4975B1E1-1114-41C9-879B-A44DF790E830}.Release|Any CPU.ActiveCfg = Release|Any CPU
		{4975B1E1-1114-41C9-879B-A44DF790E830}.Release|Any CPU.Build.0 = Release|Any CPU
	EndGlobalSection
	GlobalSection(SolutionProperties) = preSolution
		HideSolutionNode = FALSE
	EndGlobalSection
	GlobalSection(ExtensibilityGlobals) = postSolution
		SolutionGuid = {53B3023A-A7D5-4909-8CCA-35CC68907295}
	EndGlobalSection
EndGlobal
